
Microsoft Visual Studio Solution File, Format Version 12.00
# Visual Studio Version 17
VisualStudioVersion = 17.0.31710.8
MinimumVisualStudioVersion = 10.0.40219.1
Project("{9A19103F-16F7-4668-BE54-9A1E7A4F7556}") = "WoomLink", "WoomLink\WoomLink.csproj", "{13200882-62FD-428C-8FEF-B082439FB768}"
EndProject
Global
	GlobalSection(SolutionConfigurationPlatforms) = preSolution
		Debug (Blitz)|Any CPU = Debug (Blitz)|Any CPU
		Debug (Thunder)|Any CPU = Debug (Thunder)|Any CPU
		Release (Blitz)|Any CPU = Release (Blitz)|Any CPU
		Release (Thunder)|Any CPU = Release (Thunder)|Any CPU
	EndGlobalSection
	GlobalSection(ProjectConfigurationPlatforms) = postSolution
		{13200882-62FD-428C-8FEF-B082439FB768}.Debug (Blitz)|Any CPU.ActiveCfg = Debug|Any CPU
		{13200882-62FD-428C-8FEF-B082439FB768}.Debug (Blitz)|Any CPU.Build.0 = Debug|Any CPU
		{13200882-62FD-428C-8FEF-B082439FB768}.Debug (Thunder)|Any CPU.ActiveCfg = Debug (Thunder)|Any CPU
		{13200882-62FD-428C-8FEF-B082439FB768}.Debug (Thunder)|Any CPU.Build.0 = Debug (Thunder)|Any CPU
		{13200882-62FD-428C-8FEF-B082439FB768}.Release (Blitz)|Any CPU.ActiveCfg = Release|Any CPU
		{13200882-62FD-428C-8FEF-B082439FB768}.Release (Blitz)|Any CPU.Build.0 = Release|Any CPU
		{13200882-62FD-428C-8FEF-B082439FB768}.Release (Thunder)|Any CPU.ActiveCfg = Release (Thunder)|Any CPU
		{13200882-62FD-428C-8FEF-B082439FB768}.Release (Thunder)|Any CPU.Build.0 = Release (Thunder)|Any CPU
	EndGlobalSection
	GlobalSection(SolutionProperties) = preSolution
		HideSolutionNode = FALSE
	EndGlobalSection
	GlobalSection(ExtensibilityGlobals) = postSolution
		SolutionGuid = {B40611FF-726A-4FDE-917A-A2D0851445E4}
	EndGlobalSection
EndGlobal
